
Microsoft Visual Studio Solution File, Format Version 12.00
# Visual Studio Version 17
VisualStudioVersion = 17.9.34723.18
MinimumVisualStudioVersion = 10.0.40219.1
Project("{9A19103F-16F7-4668-BE54-9A1E7A4F7556}") = "AgencyAppointmentSystem", "AgencyAppointmentSystem.csproj", "{456B03D5-6CB0-413E-8997-ED215AA7E5BD}"
EndProject
Project("{FAE04EC0-301F-11D3-BF4B-00C04F79EFBC}") = "AgencyAppointmentSystem.Test", "..\AgencyAppointmentSystem.Test\AgencyAppointmentSystem.Test.csproj", "{FB227C5E-00F3-49CA-9013-BD0D858269E5}"
EndProject
Global
	GlobalSection(SolutionConfigurationPlatforms) = preSolution
		Debug|Any CPU = Debug|Any CPU
		Release|Any CPU = Release|Any CPU
	EndGlobalSection
	GlobalSection(ProjectConfigurationPlatforms) = postSolution
		{456B03D5-6CB0-413E-8997-ED215AA7E5BD}.Debug|Any CPU.ActiveCfg = Debug|Any CPU
		{456B03D5-6CB0-413E-8997-ED215AA7E5BD}.Debug|Any CPU.Build.0 = Debug|Any CPU
		{456B03D5-6CB0-413E-8997-ED215AA7E5BD}.Release|Any CPU.ActiveCfg = Release|Any CPU
		{456B03D5-6CB0-413E-8997-ED215AA7E5BD}.Release|Any CPU.Build.0 = Release|Any CPU
		{FB227C5E-00F3-49CA-9013-BD0D858269E5}.Debug|Any CPU.ActiveCfg = Debug|Any CPU
		{FB227C5E-00F3-49CA-9013-BD0D858269E5}.Debug|Any CPU.Build.0 = Debug|Any CPU
		{FB227C5E-00F3-49CA-9013-BD0D858269E5}.Release|Any CPU.ActiveCfg = Release|Any CPU
		{FB227C5E-00F3-49CA-9013-BD0D858269E5}.Release|Any CPU.Build.0 = Release|Any CPU
	EndGlobalSection
	GlobalSection(SolutionProperties) = preSolution
		HideSolutionNode = FALSE
	EndGlobalSection
	GlobalSection(ExtensibilityGlobals) = postSolution
		SolutionGuid = {F2C8BD1D-A52B-4215-B0B5-33BBAFE5C97E}
	EndGlobalSection
EndGlobal
